// !$*UTF8*$!
{
	archiveVersion = 1;
	classes = {
	};
	objectVersion = 46;
	objects = {

/* Begin PBXBuildFile section */
		B13FA17B1B73E0C700B06E4E /* AVFoundation.framework in Frameworks */ = {isa = PBXBuildFile; fileRef = B13FA17A1B73E0C700B06E4E /* AVFoundation.framework */; };
		B13FA18F1B73E29900B06E4E /* 01-main-theme-overworld.mp3 in Resources */ = {isa = PBXBuildFile; fileRef = B13FA17D1B73E29900B06E4E /* 01-main-theme-overworld.mp3 */; };
		B13FA1901B73E29900B06E4E /* 02-underworld.mp3 in Resources */ = {isa = PBXBuildFile; fileRef = B13FA17E1B73E29900B06E4E /* 02-underworld.mp3 */; };
		B13FA1911B73E29900B06E4E /* 03-underwater.mp3 in Resources */ = {isa = PBXBuildFile; fileRef = B13FA17F1B73E29900B06E4E /* 03-underwater.mp3 */; };
		B13FA1921B73E29900B06E4E /* 04-castle.mp3 in Resources */ = {isa = PBXBuildFile; fileRef = B13FA1801B73E29900B06E4E /* 04-castle.mp3 */; };
		B13FA1931B73E29900B06E4E /* 05-starman.mp3 in Resources */ = {isa = PBXBuildFile; fileRef = B13FA1811B73E29900B06E4E /* 05-starman.mp3 */; };
		B13FA1941B73E29900B06E4E /* 06-level-complete.mp3 in Resources */ = {isa = PBXBuildFile; fileRef = B13FA1821B73E29900B06E4E /* 06-level-complete.mp3 */; };
		B13FA1951B73E29900B06E4E /* 07-castle-complete.mp3 in Resources */ = {isa = PBXBuildFile; fileRef = B13FA1831B73E29900B06E4E /* 07-castle-complete.mp3 */; };
		B13FA1961B73E29900B06E4E /* 08-you-re-dead.mp3 in Resources */ = {isa = PBXBuildFile; fileRef = B13FA1841B73E29900B06E4E /* 08-you-re-dead.mp3 */; };
		B13FA1971B73E29900B06E4E /* 09-game-over.mp3 in Resources */ = {isa = PBXBuildFile; fileRef = B13FA1851B73E29900B06E4E /* 09-game-over.mp3 */; };
		B13FA1981B73E29900B06E4E /* 10-game-over-2.mp3 in Resources */ = {isa = PBXBuildFile; fileRef = B13FA1861B73E29900B06E4E /* 10-game-over-2.mp3 */; };
		B13FA1991B73E29900B06E4E /* 11-into-the-tunnel.mp3 in Resources */ = {isa = PBXBuildFile; fileRef = B13FA1871B73E29900B06E4E /* 11-into-the-tunnel.mp3 */; };
		B13FA19A1B73E29900B06E4E /* 12-ending.mp3 in Resources */ = {isa = PBXBuildFile; fileRef = B13FA1881B73E29900B06E4E /* 12-ending.mp3 */; };
		B13FA19B1B73E29900B06E4E /* 13-hurry.mp3 in Resources */ = {isa = PBXBuildFile; fileRef = B13FA1891B73E29900B06E4E /* 13-hurry.mp3 */; };
		B13FA19C1B73E29900B06E4E /* 14-hurry-underground-.mp3 in Resources */ = {isa = PBXBuildFile; fileRef = B13FA18A1B73E29900B06E4E /* 14-hurry-underground-.mp3 */; };
		B13FA19D1B73E29900B06E4E /* 15-hurry-underwater-.mp3 in Resources */ = {isa = PBXBuildFile; fileRef = B13FA18B1B73E29900B06E4E /* 15-hurry-underwater-.mp3 */; };
		B13FA19E1B73E29900B06E4E /* 16-hurry-castle-.mp3 in Resources */ = {isa = PBXBuildFile; fileRef = B13FA18C1B73E29900B06E4E /* 16-hurry-castle-.mp3 */; };
		B13FA19F1B73E29900B06E4E /* 17-hurry-starman-.mp3 in Resources */ = {isa = PBXBuildFile; fileRef = B13FA18D1B73E29900B06E4E /* 17-hurry-starman-.mp3 */; };
		B13FA1A01B73E29900B06E4E /* 18-hurry-overworld-.mp3 in Resources */ = {isa = PBXBuildFile; fileRef = B13FA18E1B73E29900B06E4E /* 18-hurry-overworld-.mp3 */; };
		B19550491B69B16B00704047 /* main.m in Sources */ = {isa = PBXBuildFile; fileRef = B19550481B69B16B00704047 /* main.m */; };
		B19550541B69B16B00704047 /* Images.xcassets in Resources */ = {isa = PBXBuildFile; fileRef = B19550531B69B16B00704047 /* Images.xcassets */; };
		B19550571B69B16B00704047 /* LaunchScreen.xib in Resources */ = {isa = PBXBuildFile; fileRef = B19550551B69B16B00704047 /* LaunchScreen.xib */; };
		B19550751B69B23E00704047 /* AppDelegate.m in Sources */ = {isa = PBXBuildFile; fileRef = B195506E1B69B23E00704047 /* AppDelegate.m */; };
		B19550761B69B23E00704047 /* BootLogic.m in Sources */ = {isa = PBXBuildFile; fileRef = B19550701B69B23E00704047 /* BootLogic.m */; };
		B19550771B69B23E00704047 /* ConsoleScreen.m in Sources */ = {isa = PBXBuildFile; fileRef = B19550721B69B23E00704047 /* ConsoleScreen.m */; };
		B19550781B69B23E00704047 /* MainScreen.m in Sources */ = {isa = PBXBuildFile; fileRef = B19550741B69B23E00704047 /* MainScreen.m */; };
		B195507F1B69B3C000704047 /* Scene.m in Sources */ = {isa = PBXBuildFile; fileRef = B195507C1B69B3C000704047 /* Scene.m */; };
		B19550801B69B3C000704047 /* Sprite.m in Sources */ = {isa = PBXBuildFile; fileRef = B195507E1B69B3C000704047 /* Sprite.m */; };
		B1E2C3B71B6BC45E006D3D09 /* SuperMario.m in Sources */ = {isa = PBXBuildFile; fileRef = B1E2C3B61B6BC45E006D3D09 /* SuperMario.m */; };
		B1E2C3BA1B6BD734006D3D09 /* FireBall.m in Sources */ = {isa = PBXBuildFile; fileRef = B1E2C3B91B6BD734006D3D09 /* FireBall.m */; };
		B1E2C3BC1B6BD925006D3D09 /* grayfireball.png in Resources */ = {isa = PBXBuildFile; fileRef = B1E2C3BB1B6BD925006D3D09 /* grayfireball.png */; };
		B1E5BA541B6A7F6100138E55 /* 1.png in Resources */ = {isa = PBXBuildFile; fileRef = B1E5BA421B6A7F6100138E55 /* 1.png */; };
		B1E5BA551B6A7F6100138E55 /* 2.png in Resources */ = {isa = PBXBuildFile; fileRef = B1E5BA431B6A7F6100138E55 /* 2.png */; };
		B1E5BA561B6A7F6100138E55 /* 3.png in Resources */ = {isa = PBXBuildFile; fileRef = B1E5BA441B6A7F6100138E55 /* 3.png */; };
		B1E5BA571B6A7F6100138E55 /* 4.png in Resources */ = {isa = PBXBuildFile; fileRef = B1E5BA451B6A7F6100138E55 /* 4.png */; };
		B1E5BA581B6A7F6100138E55 /* 5.png in Resources */ = {isa = PBXBuildFile; fileRef = B1E5BA461B6A7F6100138E55 /* 5.png */; };
		B1E5BA591B6A7F6100138E55 /* 6.png in Resources */ = {isa = PBXBuildFile; fileRef = B1E5BA471B6A7F6100138E55 /* 6.png */; };
		B1E5BA5A1B6A7F6100138E55 /* 7.png in Resources */ = {isa = PBXBuildFile; fileRef = B1E5BA481B6A7F6100138E55 /* 7.png */; };
		B1E5BA5B1B6A7F6100138E55 /* 8.png in Resources */ = {isa = PBXBuildFile; fileRef = B1E5BA491B6A7F6100138E55 /* 8.png */; };
		B1E5BA5C1B6A7F6100138E55 /* ball.png in Resources */ = {isa = PBXBuildFile; fileRef = B1E5BA4A1B6A7F6100138E55 /* ball.png */; };
		B1E5BA5D1B6A7F6100138E55 /* block.png in Resources */ = {isa = PBXBuildFile; fileRef = B1E5BA4B1B6A7F6100138E55 /* block.png */; };
		B1E5BA5E1B6A7F6100138E55 /* city.png in Resources */ = {isa = PBXBuildFile; fileRef = B1E5BA4C1B6A7F6100138E55 /* city.png */; };
		B1E5BA5F1B6A7F6100138E55 /* cloud1.png in Resources */ = {isa = PBXBuildFile; fileRef = B1E5BA4D1B6A7F6100138E55 /* cloud1.png */; };
		B1E5BA601B6A7F6100138E55 /* cloud2.png in Resources */ = {isa = PBXBuildFile; fileRef = B1E5BA4E1B6A7F6100138E55 /* cloud2.png */; };
		B1E5BA611B6A7F6100138E55 /* cloud3.png in Resources */ = {isa = PBXBuildFile; fileRef = B1E5BA4F1B6A7F6100138E55 /* cloud3.png */; };
		B1E5BA621B6A7F6100138E55 /* clown.png in Resources */ = {isa = PBXBuildFile; fileRef = B1E5BA501B6A7F6100138E55 /* clown.png */; };
		B1E5BA631B6A7F6100138E55 /* fireball.png in Resources */ = {isa = PBXBuildFile; fileRef = B1E5BA511B6A7F6100138E55 /* fireball.png */; };
		B1E5BA641B6A7F6100138E55 /* gameover.png in Resources */ = {isa = PBXBuildFile; fileRef = B1E5BA521B6A7F6100138E55 /* gameover.png */; };
		B1E5BA651B6A7F6100138E55 /* marioKilled.png in Resources */ = {isa = PBXBuildFile; fileRef = B1E5BA531B6A7F6100138E55 /* marioKilled.png */; };
		B1E5BA6C1B6A7FDF00138E55 /* Block.m in Sources */ = {isa = PBXBuildFile; fileRef = B1E5BA671B6A7FDF00138E55 /* Block.m */; };
		B1E5BA6D1B6A7FDF00138E55 /* City.m in Sources */ = {isa = PBXBuildFile; fileRef = B1E5BA691B6A7FDF00138E55 /* City.m */; };
		B1E5BA6E1B6A7FDF00138E55 /* Cloud.m in Sources */ = {isa = PBXBuildFile; fileRef = B1E5BA6B1B6A7FDF00138E55 /* Cloud.m */; };
		B1E5BA711B6A7FF000138E55 /* MainScene.m in Sources */ = {isa = PBXBuildFile; fileRef = B1E5BA701B6A7FF000138E55 /* MainScene.m */; };
		B1E5BA771B6A819800138E55 /* MainSceneBall.m in Sources */ = {isa = PBXBuildFile; fileRef = B1E5BA761B6A819800138E55 /* MainSceneBall.m */; };
		B1E5BA7A1B6A821200138E55 /* Ball.m in Sources */ = {isa = PBXBuildFile; fileRef = B1E5BA791B6A821200138E55 /* Ball.m */; };
		B1E5BA7C1B6A82DD00138E55 /* ballRoll.png in Resources */ = {isa = PBXBuildFile; fileRef = B1E5BA7B1B6A82DD00138E55 /* ballRoll.png */; };
		B1E5BA801B6A9A6B00138E55 /* blueLight.png in Resources */ = {isa = PBXBuildFile; fileRef = B1E5BA7D1B6A9A6B00138E55 /* blueLight.png */; };
		B1E5BA811B6A9A6B00138E55 /* redLight.png in Resources */ = {isa = PBXBuildFile; fileRef = B1E5BA7E1B6A9A6B00138E55 /* redLight.png */; };
		B1E5BA821B6A9A6B00138E55 /* yellowLight.png in Resources */ = {isa = PBXBuildFile; fileRef = B1E5BA7F1B6A9A6B00138E55 /* yellowLight.png */; };
		B1E5BA851B6A9B3200138E55 /* Power Pole.m in Sources */ = {isa = PBXBuildFile; fileRef = B1E5BA841B6A9B3200138E55 /* Power Pole.m */; };
/* End PBXBuildFile section */

/* Begin PBXFileReference section */
		B13FA17A1B73E0C700B06E4E /* AVFoundation.framework */ = {isa = PBXFileReference; lastKnownFileType = wrapper.framework; name = AVFoundation.framework; path = System/Library/Frameworks/AVFoundation.framework; sourceTree = SDKROOT; };
		B13FA17D1B73E29900B06E4E /* 01-main-theme-overworld.mp3 */ = {isa = PBXFileReference; lastKnownFileType = audio.mp3; path = "01-main-theme-overworld.mp3"; sourceTree = "<group>"; };
		B13FA17E1B73E29900B06E4E /* 02-underworld.mp3 */ = {isa = PBXFileReference; lastKnownFileType = audio.mp3; path = "02-underworld.mp3"; sourceTree = "<group>"; };
		B13FA17F1B73E29900B06E4E /* 03-underwater.mp3 */ = {isa = PBXFileReference; lastKnownFileType = audio.mp3; path = "03-underwater.mp3"; sourceTree = "<group>"; };
		B13FA1801B73E29900B06E4E /* 04-castle.mp3 */ = {isa = PBXFileReference; lastKnownFileType = audio.mp3; path = "04-castle.mp3"; sourceTree = "<group>"; };
		B13FA1811B73E29900B06E4E /* 05-starman.mp3 */ = {isa = PBXFileReference; lastKnownFileType = audio.mp3; path = "05-starman.mp3"; sourceTree = "<group>"; };
		B13FA1821B73E29900B06E4E /* 06-level-complete.mp3 */ = {isa = PBXFileReference; lastKnownFileType = audio.mp3; path = "06-level-complete.mp3"; sourceTree = "<group>"; };
		B13FA1831B73E29900B06E4E /* 07-castle-complete.mp3 */ = {isa = PBXFileReference; lastKnownFileType = audio.mp3; path = "07-castle-complete.mp3"; sourceTree = "<group>"; };
		B13FA1841B73E29900B06E4E /* 08-you-re-dead.mp3 */ = {isa = PBXFileReference; lastKnownFileType = audio.mp3; path = "08-you-re-dead.mp3"; sourceTree = "<group>"; };
		B13FA1851B73E29900B06E4E /* 09-game-over.mp3 */ = {isa = PBXFileReference; lastKnownFileType = audio.mp3; path = "09-game-over.mp3"; sourceTree = "<group>"; };
		B13FA1861B73E29900B06E4E /* 10-game-over-2.mp3 */ = {isa = PBXFileReference; lastKnownFileType = audio.mp3; path = "10-game-over-2.mp3"; sourceTree = "<group>"; };
		B13FA1871B73E29900B06E4E /* 11-into-the-tunnel.mp3 */ = {isa = PBXFileReference; lastKnownFileType = audio.mp3; path = "11-into-the-tunnel.mp3"; sourceTree = "<group>"; };
		B13FA1881B73E29900B06E4E /* 12-ending.mp3 */ = {isa = PBXFileReference; lastKnownFileType = audio.mp3; path = "12-ending.mp3"; sourceTree = "<group>"; };
		B13FA1891B73E29900B06E4E /* 13-hurry.mp3 */ = {isa = PBXFileReference; lastKnownFileType = audio.mp3; path = "13-hurry.mp3"; sourceTree = "<group>"; };
		B13FA18A1B73E29900B06E4E /* 14-hurry-underground-.mp3 */ = {isa = PBXFileReference; lastKnownFileType = audio.mp3; path = "14-hurry-underground-.mp3"; sourceTree = "<group>"; };
		B13FA18B1B73E29900B06E4E /* 15-hurry-underwater-.mp3 */ = {isa = PBXFileReference; lastKnownFileType = audio.mp3; path = "15-hurry-underwater-.mp3"; sourceTree = "<group>"; };
		B13FA18C1B73E29900B06E4E /* 16-hurry-castle-.mp3 */ = {isa = PBXFileReference; lastKnownFileType = audio.mp3; path = "16-hurry-castle-.mp3"; sourceTree = "<group>"; };
		B13FA18D1B73E29900B06E4E /* 17-hurry-starman-.mp3 */ = {isa = PBXFileReference; lastKnownFileType = audio.mp3; path = "17-hurry-starman-.mp3"; sourceTree = "<group>"; };
		B13FA18E1B73E29900B06E4E /* 18-hurry-overworld-.mp3 */ = {isa = PBXFileReference; lastKnownFileType = audio.mp3; path = "18-hurry-overworld-.mp3"; sourceTree = "<group>"; };
		B19550431B69B16B00704047 /* Mario.app */ = {isa = PBXFileReference; explicitFileType = wrapper.application; includeInIndex = 0; path = Mario.app; sourceTree = BUILT_PRODUCTS_DIR; };
		B19550471B69B16B00704047 /* Info.plist */ = {isa = PBXFileReference; lastKnownFileType = text.plist.xml; path = Info.plist; sourceTree = "<group>"; };
		B19550481B69B16B00704047 /* main.m */ = {isa = PBXFileReference; lastKnownFileType = sourcecode.c.objc; path = main.m; sourceTree = "<group>"; };
		B19550531B69B16B00704047 /* Images.xcassets */ = {isa = PBXFileReference; lastKnownFileType = folder.assetcatalog; path = Images.xcassets; sourceTree = "<group>"; };
		B19550561B69B16B00704047 /* Base */ = {isa = PBXFileReference; lastKnownFileType = file.xib; name = Base; path = Base.lproj/LaunchScreen.xib; sourceTree = "<group>"; };
		B195506D1B69B23E00704047 /* AppDelegate.h */ = {isa = PBXFileReference; fileEncoding = 4; lastKnownFileType = sourcecode.c.h; path = AppDelegate.h; sourceTree = "<group>"; };
		B195506E1B69B23E00704047 /* AppDelegate.m */ = {isa = PBXFileReference; fileEncoding = 4; lastKnownFileType = sourcecode.c.objc; path = AppDelegate.m; sourceTree = "<group>"; };
		B195506F1B69B23E00704047 /* BootLogic.h */ = {isa = PBXFileReference; fileEncoding = 4; lastKnownFileType = sourcecode.c.h; path = BootLogic.h; sourceTree = "<group>"; };
		B19550701B69B23E00704047 /* BootLogic.m */ = {isa = PBXFileReference; fileEncoding = 4; lastKnownFileType = sourcecode.c.objc; path = BootLogic.m; sourceTree = "<group>"; };
		B19550711B69B23E00704047 /* ConsoleScreen.h */ = {isa = PBXFileReference; fileEncoding = 4; lastKnownFileType = sourcecode.c.h; path = ConsoleScreen.h; sourceTree = "<group>"; };
		B19550721B69B23E00704047 /* ConsoleScreen.m */ = {isa = PBXFileReference; fileEncoding = 4; lastKnownFileType = sourcecode.c.objc; path = ConsoleScreen.m; sourceTree = "<group>"; };
		B19550731B69B23E00704047 /* MainScreen.h */ = {isa = PBXFileReference; fileEncoding = 4; lastKnownFileType = sourcecode.c.h; path = MainScreen.h; sourceTree = "<group>"; };
		B19550741B69B23E00704047 /* MainScreen.m */ = {isa = PBXFileReference; fileEncoding = 4; lastKnownFileType = sourcecode.c.objc; path = MainScreen.m; sourceTree = "<group>"; };
		B195507B1B69B3C000704047 /* Scene.h */ = {isa = PBXFileReference; fileEncoding = 4; lastKnownFileType = sourcecode.c.h; path = Scene.h; sourceTree = "<group>"; };
		B195507C1B69B3C000704047 /* Scene.m */ = {isa = PBXFileReference; fileEncoding = 4; lastKnownFileType = sourcecode.c.objc; path = Scene.m; sourceTree = "<group>"; };
		B195507D1B69B3C000704047 /* Sprite.h */ = {isa = PBXFileReference; fileEncoding = 4; lastKnownFileType = sourcecode.c.h; path = Sprite.h; sourceTree = "<group>"; };
		B195507E1B69B3C000704047 /* Sprite.m */ = {isa = PBXFileReference; fileEncoding = 4; lastKnownFileType = sourcecode.c.objc; path = Sprite.m; sourceTree = "<group>"; };
		B1E2C3B51B6BC45E006D3D09 /* SuperMario.h */ = {isa = PBXFileReference; fileEncoding = 4; lastKnownFileType = sourcecode.c.h; path = SuperMario.h; sourceTree = "<group>"; };
		B1E2C3B61B6BC45E006D3D09 /* SuperMario.m */ = {isa = PBXFileReference; fileEncoding = 4; lastKnownFileType = sourcecode.c.objc; path = SuperMario.m; sourceTree = "<group>"; };
		B1E2C3B81B6BD734006D3D09 /* FireBall.h */ = {isa = PBXFileReference; fileEncoding = 4; lastKnownFileType = sourcecode.c.h; path = FireBall.h; sourceTree = "<group>"; };
		B1E2C3B91B6BD734006D3D09 /* FireBall.m */ = {isa = PBXFileReference; fileEncoding = 4; lastKnownFileType = sourcecode.c.objc; path = FireBall.m; sourceTree = "<group>"; };
		B1E2C3BB1B6BD925006D3D09 /* grayfireball.png */ = {isa = PBXFileReference; lastKnownFileType = image.png; path = grayfireball.png; sourceTree = "<group>"; };
		B1E5BA421B6A7F6100138E55 /* 1.png */ = {isa = PBXFileReference; lastKnownFileType = image.png; path = 1.png; sourceTree = "<group>"; };
		B1E5BA431B6A7F6100138E55 /* 2.png */ = {isa = PBXFileReference; lastKnownFileType = image.png; path = 2.png; sourceTree = "<group>"; };
		B1E5BA441B6A7F6100138E55 /* 3.png */ = {isa = PBXFileReference; lastKnownFileType = image.png; path = 3.png; sourceTree = "<group>"; };
		B1E5BA451B6A7F6100138E55 /* 4.png */ = {isa = PBXFileReference; lastKnownFileType = image.png; path = 4.png; sourceTree = "<group>"; };
		B1E5BA461B6A7F6100138E55 /* 5.png */ = {isa = PBXFileReference; lastKnownFileType = image.png; path = 5.png; sourceTree = "<group>"; };
		B1E5BA471B6A7F6100138E55 /* 6.png */ = {isa = PBXFileReference; lastKnownFileType = image.png; path = 6.png; sourceTree = "<group>"; };
		B1E5BA481B6A7F6100138E55 /* 7.png */ = {isa = PBXFileReference; lastKnownFileType = image.png; path = 7.png; sourceTree = "<group>"; };
		B1E5BA491B6A7F6100138E55 /* 8.png */ = {isa = PBXFileReference; lastKnownFileType = image.png; path = 8.png; sourceTree = "<group>"; };
		B1E5BA4A1B6A7F6100138E55 /* ball.png */ = {isa = PBXFileReference; lastKnownFileType = image.png; path = ball.png; sourceTree = "<group>"; };
		B1E5BA4B1B6A7F6100138E55 /* block.png */ = {isa = PBXFileReference; lastKnownFileType = image.png; path = block.png; sourceTree = "<group>"; };
		B1E5BA4C1B6A7F6100138E55 /* city.png */ = {isa = PBXFileReference; lastKnownFileType = image.png; path = city.png; sourceTree = "<group>"; };
		B1E5BA4D1B6A7F6100138E55 /* cloud1.png */ = {isa = PBXFileReference; lastKnownFileType = image.png; path = cloud1.png; sourceTree = "<group>"; };
		B1E5BA4E1B6A7F6100138E55 /* cloud2.png */ = {isa = PBXFileReference; lastKnownFileType = image.png; path = cloud2.png; sourceTree = "<group>"; };
		B1E5BA4F1B6A7F6100138E55 /* cloud3.png */ = {isa = PBXFileReference; lastKnownFileType = image.png; path = cloud3.png; sourceTree = "<group>"; };
		B1E5BA501B6A7F6100138E55 /* clown.png */ = {isa = PBXFileReference; lastKnownFileType = image.png; path = clown.png; sourceTree = "<group>"; };
		B1E5BA511B6A7F6100138E55 /* fireball.png */ = {isa = PBXFileReference; lastKnownFileType = image.png; path = fireball.png; sourceTree = "<group>"; };
		B1E5BA521B6A7F6100138E55 /* gameover.png */ = {isa = PBXFileReference; lastKnownFileType = image.png; path = gameover.png; sourceTree = "<group>"; };
		B1E5BA531B6A7F6100138E55 /* marioKilled.png */ = {isa = PBXFileReference; lastKnownFileType = image.png; path = marioKilled.png; sourceTree = "<group>"; };
		B1E5BA661B6A7FDF00138E55 /* Block.h */ = {isa = PBXFileReference; fileEncoding = 4; lastKnownFileType = sourcecode.c.h; path = Block.h; sourceTree = "<group>"; };
		B1E5BA671B6A7FDF00138E55 /* Block.m */ = {isa = PBXFileReference; fileEncoding = 4; lastKnownFileType = sourcecode.c.objc; path = Block.m; sourceTree = "<group>"; };
		B1E5BA681B6A7FDF00138E55 /* City.h */ = {isa = PBXFileReference; fileEncoding = 4; lastKnownFileType = sourcecode.c.h; path = City.h; sourceTree = "<group>"; };
		B1E5BA691B6A7FDF00138E55 /* City.m */ = {isa = PBXFileReference; fileEncoding = 4; lastKnownFileType = sourcecode.c.objc; path = City.m; sourceTree = "<group>"; };
		B1E5BA6A1B6A7FDF00138E55 /* Cloud.h */ = {isa = PBXFileReference; fileEncoding = 4; lastKnownFileType = sourcecode.c.h; path = Cloud.h; sourceTree = "<group>"; };
		B1E5BA6B1B6A7FDF00138E55 /* Cloud.m */ = {isa = PBXFileReference; fileEncoding = 4; lastKnownFileType = sourcecode.c.objc; path = Cloud.m; sourceTree = "<group>"; };
		B1E5BA6F1B6A7FF000138E55 /* MainScene.h */ = {isa = PBXFileReference; fileEncoding = 4; lastKnownFileType = sourcecode.c.h; path = MainScene.h; sourceTree = "<group>"; };
		B1E5BA701B6A7FF000138E55 /* MainScene.m */ = {isa = PBXFileReference; fileEncoding = 4; lastKnownFileType = sourcecode.c.objc; path = MainScene.m; sourceTree = "<group>"; };
		B1E5BA751B6A819800138E55 /* MainSceneBall.h */ = {isa = PBXFileReference; fileEncoding = 4; lastKnownFileType = sourcecode.c.h; path = MainSceneBall.h; sourceTree = "<group>"; };
		B1E5BA761B6A819800138E55 /* MainSceneBall.m */ = {isa = PBXFileReference; fileEncoding = 4; lastKnownFileType = sourcecode.c.objc; path = MainSceneBall.m; sourceTree = "<group>"; };
		B1E5BA781B6A821200138E55 /* Ball.h */ = {isa = PBXFileReference; fileEncoding = 4; lastKnownFileType = sourcecode.c.h; path = Ball.h; sourceTree = "<group>"; };
		B1E5BA791B6A821200138E55 /* Ball.m */ = {isa = PBXFileReference; fileEncoding = 4; lastKnownFileType = sourcecode.c.objc; path = Ball.m; sourceTree = "<group>"; };
		B1E5BA7B1B6A82DD00138E55 /* ballRoll.png */ = {isa = PBXFileReference; lastKnownFileType = image.png; path = ballRoll.png; sourceTree = "<group>"; };
		B1E5BA7D1B6A9A6B00138E55 /* blueLight.png */ = {isa = PBXFileReference; lastKnownFileType = image.png; path = blueLight.png; sourceTree = "<group>"; };
		B1E5BA7E1B6A9A6B00138E55 /* redLight.png */ = {isa = PBXFileReference; lastKnownFileType = image.png; path = redLight.png; sourceTree = "<group>"; };
		B1E5BA7F1B6A9A6B00138E55 /* yellowLight.png */ = {isa = PBXFileReference; lastKnownFileType = image.png; path = yellowLight.png; sourceTree = "<group>"; };
		B1E5BA831B6A9B3200138E55 /* Power Pole.h */ = {isa = PBXFileReference; fileEncoding = 4; lastKnownFileType = sourcecode.c.h; path = "Power Pole.h"; sourceTree = "<group>"; };
		B1E5BA841B6A9B3200138E55 /* Power Pole.m */ = {isa = PBXFileReference; fileEncoding = 4; lastKnownFileType = sourcecode.c.objc; path = "Power Pole.m"; sourceTree = "<group>"; };
/* End PBXFileReference section */

/* Begin PBXFrameworksBuildPhase section */
		B19550401B69B16B00704047 /* Frameworks */ = {
			isa = PBXFrameworksBuildPhase;
			buildActionMask = 2147483647;
			files = (
				B13FA17B1B73E0C700B06E4E /* AVFoundation.framework in Frameworks */,
			);
			runOnlyForDeploymentPostprocessing = 0;
		};
/* End PBXFrameworksBuildPhase section */

/* Begin PBXGroup section */
		B13FA17C1B73E29900B06E4E /* sound */ = {
			isa = PBXGroup;
			children = (
				B13FA17D1B73E29900B06E4E /* 01-main-theme-overworld.mp3 */,
				B13FA17E1B73E29900B06E4E /* 02-underworld.mp3 */,
				B13FA17F1B73E29900B06E4E /* 03-underwater.mp3 */,
				B13FA1801B73E29900B06E4E /* 04-castle.mp3 */,
				B13FA1811B73E29900B06E4E /* 05-starman.mp3 */,
				B13FA1821B73E29900B06E4E /* 06-level-complete.mp3 */,
				B13FA1831B73E29900B06E4E /* 07-castle-complete.mp3 */,
				B13FA1841B73E29900B06E4E /* 08-you-re-dead.mp3 */,
				B13FA1851B73E29900B06E4E /* 09-game-over.mp3 */,
				B13FA1861B73E29900B06E4E /* 10-game-over-2.mp3 */,
				B13FA1871B73E29900B06E4E /* 11-into-the-tunnel.mp3 */,
				B13FA1881B73E29900B06E4E /* 12-ending.mp3 */,
				B13FA1891B73E29900B06E4E /* 13-hurry.mp3 */,
				B13FA18A1B73E29900B06E4E /* 14-hurry-underground-.mp3 */,
				B13FA18B1B73E29900B06E4E /* 15-hurry-underwater-.mp3 */,
				B13FA18C1B73E29900B06E4E /* 16-hurry-castle-.mp3 */,
				B13FA18D1B73E29900B06E4E /* 17-hurry-starman-.mp3 */,
				B13FA18E1B73E29900B06E4E /* 18-hurry-overworld-.mp3 */,
			);
			path = sound;
			sourceTree = "<group>";
		};
		B195503A1B69B16B00704047 = {
			isa = PBXGroup;
			children = (
				B13FA17A1B73E0C700B06E4E /* AVFoundation.framework */,
				B1E5BA721B6A80F600138E55 /* BallRoll */,
				B19550451B69B16B00704047 /* Mario */,
				B19550441B69B16B00704047 /* Products */,
			);
			sourceTree = "<group>";
		};
		B19550441B69B16B00704047 /* Products */ = {
			isa = PBXGroup;
			children = (
				B19550431B69B16B00704047 /* Mario.app */,
			);
			name = Products;
			sourceTree = "<group>";
		};
		B19550451B69B16B00704047 /* Mario */ = {
			isa = PBXGroup;
			children = (
				B13FA17C1B73E29900B06E4E /* sound */,
				B195506C1B69B1EC00704047 /* Core */,
				B19550791B69B31D00704047 /* GameCore */,
				B195507A1B69B32500704047 /* ReSource */,
				B1E5BA401B6A7F1200138E55 /* Sprite */,
				B1E5BA411B6A7F1800138E55 /* Scene */,
				B19550531B69B16B00704047 /* Images.xcassets */,
				B19550551B69B16B00704047 /* LaunchScreen.xib */,
				B19550461B69B16B00704047 /* Supporting Files */,
			);
			path = Mario;
			sourceTree = "<group>";
		};
		B19550461B69B16B00704047 /* Supporting Files */ = {
			isa = PBXGroup;
			children = (
				B19550471B69B16B00704047 /* Info.plist */,
				B19550481B69B16B00704047 /* main.m */,
			);
			name = "Supporting Files";
			sourceTree = "<group>";
		};
		B195506C1B69B1EC00704047 /* Core */ = {
			isa = PBXGroup;
			children = (
				B195506D1B69B23E00704047 /* AppDelegate.h */,
				B195506E1B69B23E00704047 /* AppDelegate.m */,
				B195506F1B69B23E00704047 /* BootLogic.h */,
				B19550701B69B23E00704047 /* BootLogic.m */,
				B19550711B69B23E00704047 /* ConsoleScreen.h */,
				B19550721B69B23E00704047 /* ConsoleScreen.m */,
				B19550731B69B23E00704047 /* MainScreen.h */,
				B19550741B69B23E00704047 /* MainScreen.m */,
			);
			path = Core;
			sourceTree = "<group>";
		};
		B19550791B69B31D00704047 /* GameCore */ = {
			isa = PBXGroup;
			children = (
				B195507B1B69B3C000704047 /* Scene.h */,
				B195507C1B69B3C000704047 /* Scene.m */,
				B195507D1B69B3C000704047 /* Sprite.h */,
				B195507E1B69B3C000704047 /* Sprite.m */,
			);
			path = GameCore;
			sourceTree = "<group>";
		};
		B195507A1B69B32500704047 /* ReSource */ = {
			isa = PBXGroup;
			children = (
				B1E5BA7D1B6A9A6B00138E55 /* blueLight.png */,
				B1E5BA7E1B6A9A6B00138E55 /* redLight.png */,
				B1E5BA7F1B6A9A6B00138E55 /* yellowLight.png */,
				B1E5BA7B1B6A82DD00138E55 /* ballRoll.png */,
				B1E5BA421B6A7F6100138E55 /* 1.png */,
				B1E5BA431B6A7F6100138E55 /* 2.png */,
				B1E5BA441B6A7F6100138E55 /* 3.png */,
				B1E5BA451B6A7F6100138E55 /* 4.png */,
				B1E5BA461B6A7F6100138E55 /* 5.png */,
				B1E5BA471B6A7F6100138E55 /* 6.png */,
				B1E5BA481B6A7F6100138E55 /* 7.png */,
				B1E5BA491B6A7F6100138E55 /* 8.png */,
				B1E5BA4A1B6A7F6100138E55 /* ball.png */,
				B1E5BA4B1B6A7F6100138E55 /* block.png */,
				B1E5BA4C1B6A7F6100138E55 /* city.png */,
				B1E5BA4D1B6A7F6100138E55 /* cloud1.png */,
				B1E5BA4E1B6A7F6100138E55 /* cloud2.png */,
				B1E5BA4F1B6A7F6100138E55 /* cloud3.png */,
				B1E5BA501B6A7F6100138E55 /* clown.png */,
				B1E5BA511B6A7F6100138E55 /* fireball.png */,
				B1E2C3BB1B6BD925006D3D09 /* grayfireball.png */,
				B1E5BA521B6A7F6100138E55 /* gameover.png */,
				B1E5BA531B6A7F6100138E55 /* marioKilled.png */,
			);
			path = ReSource;
			sourceTree = "<group>";
		};
		B1E5BA401B6A7F1200138E55 /* Sprite */ = {
			isa = PBXGroup;
			children = (
				B1E2C3B81B6BD734006D3D09 /* FireBall.h */,
				B1E2C3B91B6BD734006D3D09 /* FireBall.m */,
				B1E5BA661B6A7FDF00138E55 /* Block.h */,
				B1E5BA671B6A7FDF00138E55 /* Block.m */,
				B1E5BA681B6A7FDF00138E55 /* City.h */,
				B1E5BA691B6A7FDF00138E55 /* City.m */,
				B1E5BA6A1B6A7FDF00138E55 /* Cloud.h */,
				B1E5BA6B1B6A7FDF00138E55 /* Cloud.m */,
				B1E5BA831B6A9B3200138E55 /* Power Pole.h */,
				B1E5BA841B6A9B3200138E55 /* Power Pole.m */,
				B1E2C3B51B6BC45E006D3D09 /* SuperMario.h */,
				B1E2C3B61B6BC45E006D3D09 /* SuperMario.m */,
			);
			path = Sprite;
			sourceTree = "<group>";
		};
		B1E5BA411B6A7F1800138E55 /* Scene */ = {
			isa = PBXGroup;
			children = (
				B1E5BA6F1B6A7FF000138E55 /* MainScene.h */,
				B1E5BA701B6A7FF000138E55 /* MainScene.m */,
			);
			path = Scene;
			sourceTree = "<group>";
		};
		B1E5BA721B6A80F600138E55 /* BallRoll */ = {
			isa = PBXGroup;
			children = (
				B1E5BA731B6A816700138E55 /* Scene */,
				B1E5BA741B6A816700138E55 /* Sprite */,
			);
			path = BallRoll;
			sourceTree = "<group>";
		};
		B1E5BA731B6A816700138E55 /* Scene */ = {
			isa = PBXGroup;
			children = (
				B1E5BA751B6A819800138E55 /* MainSceneBall.h */,
				B1E5BA761B6A819800138E55 /* MainSceneBall.m */,
			);
			path = Scene;
			sourceTree = "<group>";
		};
		B1E5BA741B6A816700138E55 /* Sprite */ = {
			isa = PBXGroup;
			children = (
				B1E5BA781B6A821200138E55 /* Ball.h */,
				B1E5BA791B6A821200138E55 /* Ball.m */,
			);
			path = Sprite;
			sourceTree = "<group>";
		};
/* End PBXGroup section */

/* Begin PBXNativeTarget section */
		B19550421B69B16B00704047 /* Mario */ = {
			isa = PBXNativeTarget;
			buildConfigurationList = B19550661B69B16B00704047 /* Build configuration list for PBXNativeTarget "Mario" */;
			buildPhases = (
				B195503F1B69B16B00704047 /* Sources */,
				B19550401B69B16B00704047 /* Frameworks */,
				B19550411B69B16B00704047 /* Resources */,
			);
			buildRules = (
			);
			dependencies = (
			);
			name = Mario;
			productName = Mario;
			productReference = B19550431B69B16B00704047 /* Mario.app */;
			productType = "com.apple.product-type.application";
		};
/* End PBXNativeTarget section */

/* Begin PBXProject section */
		B195503B1B69B16B00704047 /* Project object */ = {
			isa = PBXProject;
			attributes = {
				LastUpgradeCheck = 0640;
				ORGANIZATIONNAME = nguyenvantu;
				TargetAttributes = {
					B19550421B69B16B00704047 = {
						CreatedOnToolsVersion = 6.4;
					};
				};
			};
			buildConfigurationList = B195503E1B69B16B00704047 /* Build configuration list for PBXProject "Mario" */;
			compatibilityVersion = "Xcode 3.2";
			developmentRegion = English;
			hasScannedForEncodings = 0;
			knownRegions = (
				en,
				Base,
			);
			mainGroup = B195503A1B69B16B00704047;
			productRefGroup = B19550441B69B16B00704047 /* Products */;
			projectDirPath = "";
			projectRoot = "";
			targets = (
				B19550421B69B16B00704047 /* Mario */,
			);
		};
/* End PBXProject section */

/* Begin PBXResourcesBuildPhase section */
		B19550411B69B16B00704047 /* Resources */ = {
			isa = PBXResourcesBuildPhase;
			buildActionMask = 2147483647;
			files = (
				B1E5BA7C1B6A82DD00138E55 /* ballRoll.png in Resources */,
				B13FA1971B73E29900B06E4E /* 09-game-over.mp3 in Resources */,
				B1E5BA5B1B6A7F6100138E55 /* 8.png in Resources */,
				B1E5BA5A1B6A7F6100138E55 /* 7.png in Resources */,
				B1E5BA5C1B6A7F6100138E55 /* ball.png in Resources */,
				B1E2C3BC1B6BD925006D3D09 /* grayfireball.png in Resources */,
				B13FA19D1B73E29900B06E4E /* 15-hurry-underwater-.mp3 in Resources */,
				B1E5BA601B6A7F6100138E55 /* cloud2.png in Resources */,
				B1E5BA631B6A7F6100138E55 /* fireball.png in Resources */,
				B13FA1941B73E29900B06E4E /* 06-level-complete.mp3 in Resources */,
				B13FA1921B73E29900B06E4E /* 04-castle.mp3 in Resources */,
				B1E5BA821B6A9A6B00138E55 /* yellowLight.png in Resources */,
				B13FA19B1B73E29900B06E4E /* 13-hurry.mp3 in Resources */,
				B13FA19A1B73E29900B06E4E /* 12-ending.mp3 in Resources */,
				B13FA19F1B73E29900B06E4E /* 17-hurry-starman-.mp3 in Resources */,
				B13FA1951B73E29900B06E4E /* 07-castle-complete.mp3 in Resources */,
				B1E5BA571B6A7F6100138E55 /* 4.png in Resources */,
				B13FA19C1B73E29900B06E4E /* 14-hurry-underground-.mp3 in Resources */,
				B1E5BA561B6A7F6100138E55 /* 3.png in Resources */,
				B13FA1981B73E29900B06E4E /* 10-game-over-2.mp3 in Resources */,
				B1E5BA641B6A7F6100138E55 /* gameover.png in Resources */,
				B1E5BA541B6A7F6100138E55 /* 1.png in Resources */,
				B1E5BA611B6A7F6100138E55 /* cloud3.png in Resources */,
				B13FA1931B73E29900B06E4E /* 05-starman.mp3 in Resources */,
				B1E5BA621B6A7F6100138E55 /* clown.png in Resources */,
				B1E5BA651B6A7F6100138E55 /* marioKilled.png in Resources */,
				B13FA19E1B73E29900B06E4E /* 16-hurry-castle-.mp3 in Resources */,
				B13FA18F1B73E29900B06E4E /* 01-main-theme-overworld.mp3 in Resources */,
				B13FA1911B73E29900B06E4E /* 03-underwater.mp3 in Resources */,
				B19550571B69B16B00704047 /* LaunchScreen.xib in Resources */,
				B13FA1A01B73E29900B06E4E /* 18-hurry-overworld-.mp3 in Resources */,
				B13FA1901B73E29900B06E4E /* 02-underworld.mp3 in Resources */,
				B1E5BA5E1B6A7F6100138E55 /* city.png in Resources */,
				B1E5BA811B6A9A6B00138E55 /* redLight.png in Resources */,
				B1E5BA581B6A7F6100138E55 /* 5.png in Resources */,
				B1E5BA5F1B6A7F6100138E55 /* cloud1.png in Resources */,
				B1E5BA551B6A7F6100138E55 /* 2.png in Resources */,
				B13FA1991B73E29900B06E4E /* 11-into-the-tunnel.mp3 in Resources */,
				B1E5BA801B6A9A6B00138E55 /* blueLight.png in Resources */,
				B1E5BA591B6A7F6100138E55 /* 6.png in Resources */,
				B13FA1961B73E29900B06E4E /* 08-you-re-dead.mp3 in Resources */,
				B19550541B69B16B00704047 /* Images.xcassets in Resources */,
				B1E5BA5D1B6A7F6100138E55 /* block.png in Resources */,
			);
			runOnlyForDeploymentPostprocessing = 0;
		};
/* End PBXResourcesBuildPhase section */

/* Begin PBXSourcesBuildPhase section */
		B195503F1B69B16B00704047 /* Sources */ = {
			isa = PBXSourcesBuildPhase;
			buildActionMask = 2147483647;
			files = (
				B1E5BA7A1B6A821200138E55 /* Ball.m in Sources */,
				B1E5BA771B6A819800138E55 /* MainSceneBall.m in Sources */,
				B195507F1B69B3C000704047 /* Scene.m in Sources */,
				B19550761B69B23E00704047 /* BootLogic.m in Sources */,
				B19550781B69B23E00704047 /* MainScreen.m in Sources */,
				B1E5BA6E1B6A7FDF00138E55 /* Cloud.m in Sources */,
				B1E2C3BA1B6BD734006D3D09 /* FireBall.m in Sources */,
				B19550771B69B23E00704047 /* ConsoleScreen.m in Sources */,
				B19550751B69B23E00704047 /* AppDelegate.m in Sources */,
				B1E5BA851B6A9B3200138E55 /* Power Pole.m in Sources */,
				B1E5BA6C1B6A7FDF00138E55 /* Block.m in Sources */,
				B19550801B69B3C000704047 /* Sprite.m in Sources */,
				B19550491B69B16B00704047 /* main.m in Sources */,
				B1E5BA6D1B6A7FDF00138E55 /* City.m in Sources */,
				B1E2C3B71B6BC45E006D3D09 /* SuperMario.m in Sources */,
				B1E5BA711B6A7FF000138E55 /* MainScene.m in Sources */,
			);
			runOnlyForDeploymentPostprocessing = 0;
		};
/* End PBXSourcesBuildPhase section */

/* Begin PBXVariantGroup section */
		B19550551B69B16B00704047 /* LaunchScreen.xib */ = {
			isa = PBXVariantGroup;
			children = (
				B19550561B69B16B00704047 /* Base */,
			);
			name = LaunchScreen.xib;
			sourceTree = "<group>";
		};
/* End PBXVariantGroup section */

/* Begin XCBuildConfiguration section */
		B19550641B69B16B00704047 /* Debug */ = {
			isa = XCBuildConfiguration;
			buildSettings = {
				ALWAYS_SEARCH_USER_PATHS = NO;
				CLANG_CXX_LANGUAGE_STANDARD = "gnu++0x";
				CLANG_CXX_LIBRARY = "libc++";
				CLANG_ENABLE_MODULES = YES;
				CLANG_ENABLE_OBJC_ARC = YES;
				CLANG_WARN_BOOL_CONVERSION = YES;
				CLANG_WARN_CONSTANT_CONVERSION = YES;
				CLANG_WARN_DIRECT_OBJC_ISA_USAGE = YES_ERROR;
				CLANG_WARN_EMPTY_BODY = YES;
				CLANG_WARN_ENUM_CONVERSION = YES;
				CLANG_WARN_INT_CONVERSION = YES;
				CLANG_WARN_OBJC_ROOT_CLASS = YES_ERROR;
				CLANG_WARN_UNREACHABLE_CODE = YES;
				CLANG_WARN__DUPLICATE_METHOD_MATCH = YES;
				"CODE_SIGN_IDENTITY[sdk=iphoneos*]" = "iPhone Developer";
				COPY_PHASE_STRIP = NO;
				DEBUG_INFORMATION_FORMAT = "dwarf-with-dsym";
				ENABLE_STRICT_OBJC_MSGSEND = YES;
				GCC_C_LANGUAGE_STANDARD = gnu99;
				GCC_DYNAMIC_NO_PIC = NO;
				GCC_NO_COMMON_BLOCKS = YES;
				GCC_OPTIMIZATION_LEVEL = 0;
				GCC_PREPROCESSOR_DEFINITIONS = (
					"DEBUG=1",
					"$(inherited)",
				);
				GCC_SYMBOLS_PRIVATE_EXTERN = NO;
				GCC_WARN_64_TO_32_BIT_CONVERSION = YES;
				GCC_WARN_ABOUT_RETURN_TYPE = YES_ERROR;
				GCC_WARN_UNDECLARED_SELECTOR = YES;
				GCC_WARN_UNINITIALIZED_AUTOS = YES_AGGRESSIVE;
				GCC_WARN_UNUSED_FUNCTION = YES;
				GCC_WARN_UNUSED_VARIABLE = YES;
				IPHONEOS_DEPLOYMENT_TARGET = 8.4;
				MTL_ENABLE_DEBUG_INFO = YES;
				ONLY_ACTIVE_ARCH = YES;
				SDKROOT = iphoneos;
			};
			name = Debug;
		};
		B19550651B69B16B00704047 /* Release */ = {
			isa = XCBuildConfiguration;
			buildSettings = {
				ALWAYS_SEARCH_USER_PATHS = NO;
				CLANG_CXX_LANGUAGE_STANDARD = "gnu++0x";
				CLANG_CXX_LIBRARY = "libc++";
				CLANG_ENABLE_MODULES = YES;
				CLANG_ENABLE_OBJC_ARC = YES;
				CLANG_WARN_BOOL_CONVERSION = YES;
				CLANG_WARN_CONSTANT_CONVERSION = YES;
				CLANG_WARN_DIRECT_OBJC_ISA_USAGE = YES_ERROR;
				CLANG_WARN_EMPTY_BODY = YES;
				CLANG_WARN_ENUM_CONVERSION = YES;
				CLANG_WARN_INT_CONVERSION = YES;
				CLANG_WARN_OBJC_ROOT_CLASS = YES_ERROR;
				CLANG_WARN_UNREACHABLE_CODE = YES;
				CLANG_WARN__DUPLICATE_METHOD_MATCH = YES;
				"CODE_SIGN_IDENTITY[sdk=iphoneos*]" = "iPhone Developer";
				COPY_PHASE_STRIP = NO;
				DEBUG_INFORMATION_FORMAT = "dwarf-with-dsym";
				ENABLE_NS_ASSERTIONS = NO;
				ENABLE_STRICT_OBJC_MSGSEND = YES;
				GCC_C_LANGUAGE_STANDARD = gnu99;
				GCC_NO_COMMON_BLOCKS = YES;
				GCC_WARN_64_TO_32_BIT_CONVERSION = YES;
				GCC_WARN_ABOUT_RETURN_TYPE = YES_ERROR;
				GCC_WARN_UNDECLARED_SELECTOR = YES;
				GCC_WARN_UNINITIALIZED_AUTOS = YES_AGGRESSIVE;
				GCC_WARN_UNUSED_FUNCTION = YES;
				GCC_WARN_UNUSED_VARIABLE = YES;
				IPHONEOS_DEPLOYMENT_TARGET = 8.4;
				MTL_ENABLE_DEBUG_INFO = NO;
				SDKROOT = iphoneos;
				VALIDATE_PRODUCT = YES;
			};
			name = Release;
		};
		B19550671B69B16B00704047 /* Debug */ = {
			isa = XCBuildConfiguration;
			buildSettings = {
				ASSETCATALOG_COMPILER_APPICON_NAME = AppIcon;
				INFOPLIST_FILE = Mario/Info.plist;
				LD_RUNPATH_SEARCH_PATHS = "$(inherited) @executable_path/Frameworks";
				PRODUCT_NAME = "$(TARGET_NAME)";
			};
			name = Debug;
		};
		B19550681B69B16B00704047 /* Release */ = {
			isa = XCBuildConfiguration;
			buildSettings = {
				ASSETCATALOG_COMPILER_APPICON_NAME = AppIcon;
				INFOPLIST_FILE = Mario/Info.plist;
				LD_RUNPATH_SEARCH_PATHS = "$(inherited) @executable_path/Frameworks";
				PRODUCT_NAME = "$(TARGET_NAME)";
			};
			name = Release;
		};
/* End XCBuildConfiguration section */

/* Begin XCConfigurationList section */
		B195503E1B69B16B00704047 /* Build configuration list for PBXProject "Mario" */ = {
			isa = XCConfigurationList;
			buildConfigurations = (
				B19550641B69B16B00704047 /* Debug */,
				B19550651B69B16B00704047 /* Release */,
			);
			defaultConfigurationIsVisible = 0;
			defaultConfigurationName = Release;
		};
		B19550661B69B16B00704047 /* Build configuration list for PBXNativeTarget "Mario" */ = {
			isa = XCConfigurationList;
			buildConfigurations = (
				B19550671B69B16B00704047 /* Debug */,
				B19550681B69B16B00704047 /* Release */,
			);
			defaultConfigurationIsVisible = 0;
			defaultConfigurationName = Release;
		};
/* End XCConfigurationList section */
	};
	rootObject = B195503B1B69B16B00704047 /* Project object */;
}
